
Microsoft Visual Studio Solution File, Format Version 12.00
# Visual Studio Version 16
VisualStudioVersion = 16.0.29215.179
MinimumVisualStudioVersion = 10.0.40219.1
Project("{9A19103F-16F7-4668-BE54-9A1E7A4F7556}") = "Gloson.Standard", "Gloson.Standard\Gloson.Standard.csproj", "{3A2230FF-A10B-4EF0-8606-4E59D15A6201}"
EndProject
Project("{FAE04EC0-301F-11D3-BF4B-00C04F79EFBC}") = "Gloson.Standard.Test", "Gloson.Standard.Test\Gloson.Standard.Test.csproj", "{6A9587DA-1CC1-4C84-817C-6C67219BD3E8}"
EndProject
Global
	GlobalSection(SolutionConfigurationPlatforms) = preSolution
		Debug|Any CPU = Debug|Any CPU
		Release|Any CPU = Release|Any CPU
	EndGlobalSection
	GlobalSection(ProjectConfigurationPlatforms) = postSolution
		{3A2230FF-A10B-4EF0-8606-4E59D15A6201}.Debug|Any CPU.ActiveCfg = Debug|Any CPU
		{3A2230FF-A10B-4EF0-8606-4E59D15A6201}.Debug|Any CPU.Build.0 = Debug|Any CPU
		{3A2230FF-A10B-4EF0-8606-4E59D15A6201}.Release|Any CPU.ActiveCfg = Release|Any CPU
		{3A2230FF-A10B-4EF0-8606-4E59D15A6201}.Release|Any CPU.Build.0 = Release|Any CPU
		{6A9587DA-1CC1-4C84-817C-6C67219BD3E8}.Debug|Any CPU.ActiveCfg = Debug|Any CPU
		{6A9587DA-1CC1-4C84-817C-6C67219BD3E8}.Debug|Any CPU.Build.0 = Debug|Any CPU
		{6A9587DA-1CC1-4C84-817C-6C67219BD3E8}.Release|Any CPU.ActiveCfg = Release|Any CPU
		{6A9587DA-1CC1-4C84-817C-6C67219BD3E8}.Release|Any CPU.Build.0 = Release|Any CPU
	EndGlobalSection
	GlobalSection(SolutionProperties) = preSolution
		HideSolutionNode = FALSE
	EndGlobalSection
	GlobalSection(ExtensibilityGlobals) = postSolution
		SolutionGuid = {DA4737C0-AA47-4E4E-B05B-18014D79C8C1}
	EndGlobalSection
EndGlobal
